<?xml version="1.0" encoding="utf-8"?>
<Project ToolsVersion="4.0" xmlns="http://schemas.microsoft.com/developer/msbuild/2003">
  <ItemGroup>
    <Filter Include="Header Files">
      <UniqueIdentifier>{1f4eac20-7b40-40db-a264-4a9256229c5a}</UniqueIdentifier>
      <Extensions>.h;.hpp</Extensions>
    </Filter>
    <Filter Include="Source Code">
      <UniqueIdentifier>{4c6077b5-a2d6-498c-bc42-10af523a06cb}</UniqueIdentifier>
      <Extensions>.cpp</Extensions>
    </Filter>
    <Filter Include="Miscellaneous">
      <UniqueIdentifier>{5e447502-2b0f-49c8-9df5-56ea9e7a8fbd}</UniqueIdentifier>
      <Extensions>.proto</Extensions>
    </Filter>
  </ItemGroup>
  <ItemGroup>
    <ClCompile Include="test.cpp">
      <Filter>Source Code</Filter>
    </ClCompile>
  </ItemGroup>
</Project>